
Microsoft Visual Studio Solution File, Format Version 12.00
# Visual Studio Version 17
VisualStudioVersion = 17.8.34309.116
MinimumVisualStudioVersion = 10.0.40219.1
Project("{FAE04EC0-301F-11D3-BF4B-00C04F79EFBC}") = "GitTest", "GitTest.csproj", "{20764A31-20DD-49E5-B74B-25704782F911}"
EndProject
Global
	GlobalSection(SolutionConfigurationPlatforms) = preSolution
		Debug|Any CPU = Debug|Any CPU
		Release|Any CPU = Release|Any CPU
	EndGlobalSection
	GlobalSection(ProjectConfigurationPlatforms) = postSolution
		{20764A31-20DD-49E5-B74B-25704782F911}.Debug|Any CPU.ActiveCfg = Debug|Any CPU
		{20764A31-20DD-49E5-B74B-25704782F911}.Debug|Any CPU.Build.0 = Debug|Any CPU
		{20764A31-20DD-49E5-B74B-25704782F911}.Release|Any CPU.ActiveCfg = Release|Any CPU
		{20764A31-20DD-49E5-B74B-25704782F911}.Release|Any CPU.Build.0 = Release|Any CPU
	EndGlobalSection
	GlobalSection(SolutionProperties) = preSolution
		HideSolutionNode = FALSE
	EndGlobalSection
	GlobalSection(ExtensibilityGlobals) = postSolution
		SolutionGuid = {3FD46D1B-15D2-4BEC-AD5C-4C03CEACB9E8}
	EndGlobalSection
EndGlobal
